// !$*UTF8*$!
{
	archiveVersion = 1;
	classes = {
	};
	objectVersion = 48;
	objects = {

/* Begin PBXBuildFile section */
		3837BA3A1FFFC4CE00DF300E /* Bluetooth.framework in Frameworks */ = {isa = PBXBuildFile; fileRef = 3837BA311FFFC4CE00DF300E /* Bluetooth.framework */; };
		3837BA722003D26700DF300E /* Bluetooth.framework in Frameworks */ = {isa = PBXBuildFile; fileRef = 3837BA311FFFC4CE00DF300E /* Bluetooth.framework */; };
		3837BA732003D26700DF300E /* Bluetooth.framework in Embed Frameworks */ = {isa = PBXBuildFile; fileRef = 3837BA311FFFC4CE00DF300E /* Bluetooth.framework */; settings = {ATTRIBUTES = (CodeSignOnCopy, RemoveHeadersOnCopy, ); }; };
		38FE6BD42006898100809A06 /* Info.plist in Resources */ = {isa = PBXBuildFile; fileRef = 38FE6BB52006898100809A06 /* Info.plist */; };
		38FE6BD52006898100809A06 /* ConnectionService.swift in Sources */ = {isa = PBXBuildFile; fileRef = 38FE6BB82006898100809A06 /* ConnectionService.swift */; };
		38FE6BD62006898100809A06 /* BluetoothConnection.swift in Sources */ = {isa = PBXBuildFile; fileRef = 38FE6BB92006898100809A06 /* BluetoothConnection.swift */; };
		38FE6BD72006898100809A06 /* CBUUID.swift in Sources */ = {isa = PBXBuildFile; fileRef = 38FE6BBB2006898100809A06 /* CBUUID.swift */; };
		38FE6BD82006898100809A06 /* String.swift in Sources */ = {isa = PBXBuildFile; fileRef = 38FE6BBC2006898100809A06 /* String.swift */; };
		38FE6BD92006898100809A06 /* Peripheral.swift in Sources */ = {isa = PBXBuildFile; fileRef = 38FE6BBE2006898100809A06 /* Peripheral.swift */; };
		38FE6BDA2006898100809A06 /* Service.swift in Sources */ = {isa = PBXBuildFile; fileRef = 38FE6BBF2006898100809A06 /* Service.swift */; };
		38FE6BDB2006898100809A06 /* Characteristic.swift in Sources */ = {isa = PBXBuildFile; fileRef = 38FE6BC02006898100809A06 /* Characteristic.swift */; };
		38FE6BDC2006898100809A06 /* Configuration.swift in Sources */ = {isa = PBXBuildFile; fileRef = 38FE6BC12006898100809A06 /* Configuration.swift */; };
		38FE6BE22006898800809A06 /* AppDelegate.swift in Sources */ = {isa = PBXBuildFile; fileRef = 38FE6BCA2006898100809A06 /* AppDelegate.swift */; };
		38FE6BE32006898B00809A06 /* ViewController.swift in Sources */ = {isa = PBXBuildFile; fileRef = 38FE6BC42006898100809A06 /* ViewController.swift */; };
		38FE6BE42006898F00809A06 /* Assets.xcassets in Resources */ = {isa = PBXBuildFile; fileRef = 38FE6BC62006898100809A06 /* Assets.xcassets */; };
		38FE6BE52006899300809A06 /* LaunchScreen.storyboard in Resources */ = {isa = PBXBuildFile; fileRef = 38FE6BC72006898100809A06 /* LaunchScreen.storyboard */; };
		38FE6BE6200689A700809A06 /* ExtensionTests.swift in Sources */ = {isa = PBXBuildFile; fileRef = 38FE6BA72006898100809A06 /* ExtensionTests.swift */; };
		38FE6BE7200689AB00809A06 /* ConfigurationTests.swift in Sources */ = {isa = PBXBuildFile; fileRef = 38FE6BA82006898100809A06 /* ConfigurationTests.swift */; };
/* End PBXBuildFile section */

/* Begin PBXContainerItemProxy section */
		3837BA3B1FFFC4CE00DF300E /* PBXContainerItemProxy */ = {
			isa = PBXContainerItemProxy;
			containerPortal = 3837BA031FFFC2FE00DF300E /* Project object */;
			proxyType = 1;
			remoteGlobalIDString = 3837BA301FFFC4CE00DF300E;
			remoteInfo = Framework;
		};
		3837BA682003BA4400DF300E /* PBXContainerItemProxy */ = {
			isa = PBXContainerItemProxy;
			containerPortal = 3837BA031FFFC2FE00DF300E /* Project object */;
			proxyType = 1;
			remoteGlobalIDString = 3837BA0A1FFFC2FE00DF300E;
			remoteInfo = Sample;
		};
		3837BA742003D26700DF300E /* PBXContainerItemProxy */ = {
			isa = PBXContainerItemProxy;
			containerPortal = 3837BA031FFFC2FE00DF300E /* Project object */;
			proxyType = 1;
			remoteGlobalIDString = 3837BA301FFFC4CE00DF300E;
			remoteInfo = Bluetooth;
		};
/* End PBXContainerItemProxy section */

/* Begin PBXCopyFilesBuildPhase section */
		3837BA762003D26700DF300E /* Embed Frameworks */ = {
			isa = PBXCopyFilesBuildPhase;
			buildActionMask = 2147483647;
			dstPath = "";
			dstSubfolderSpec = 10;
			files = (
				3837BA732003D26700DF300E /* Bluetooth.framework in Embed Frameworks */,
			);
			name = "Embed Frameworks";
			runOnlyForDeploymentPostprocessing = 0;
		};
/* End PBXCopyFilesBuildPhase section */

/* Begin PBXFileReference section */
		3837BA0B1FFFC2FE00DF300E /* Bluetooth Demo.app */ = {isa = PBXFileReference; explicitFileType = wrapper.application; includeInIndex = 0; path = "Bluetooth Demo.app"; sourceTree = BUILT_PRODUCTS_DIR; };
		3837BA311FFFC4CE00DF300E /* Bluetooth.framework */ = {isa = PBXFileReference; explicitFileType = wrapper.framework; includeInIndex = 0; path = Bluetooth.framework; sourceTree = BUILT_PRODUCTS_DIR; };
		3837BA391FFFC4CE00DF300E /* Bluetooth Tests.xctest */ = {isa = PBXFileReference; explicitFileType = wrapper.cfbundle; includeInIndex = 0; path = "Bluetooth Tests.xctest"; sourceTree = BUILT_PRODUCTS_DIR; };
		385B018520078BBE00E3D478 /* macOS.xcconfig */ = {isa = PBXFileReference; lastKnownFileType = text.xcconfig; path = macOS.xcconfig; sourceTree = "<group>"; };
		385B018620078BBE00E3D478 /* tvOS.xcconfig */ = {isa = PBXFileReference; lastKnownFileType = text.xcconfig; path = tvOS.xcconfig; sourceTree = "<group>"; };
		385B018720078BBE00E3D478 /* iOS.xcconfig */ = {isa = PBXFileReference; lastKnownFileType = text.xcconfig; path = iOS.xcconfig; sourceTree = "<group>"; };
		385B018820078BBE00E3D478 /* watchOS.xcconfig */ = {isa = PBXFileReference; lastKnownFileType = text.xcconfig; path = watchOS.xcconfig; sourceTree = "<group>"; };
		385B018A20078BBE00E3D478 /* Debug.xcconfig */ = {isa = PBXFileReference; lastKnownFileType = text.xcconfig; path = Debug.xcconfig; sourceTree = "<group>"; };
		385B018B20078BBE00E3D478 /* Release.xcconfig */ = {isa = PBXFileReference; lastKnownFileType = text.xcconfig; path = Release.xcconfig; sourceTree = "<group>"; };
		385B018D20078BBE00E3D478 /* Extension.xcconfig */ = {isa = PBXFileReference; lastKnownFileType = text.xcconfig; path = Extension.xcconfig; sourceTree = "<group>"; };
		385B018E20078BBE00E3D478 /* Application.xcconfig */ = {isa = PBXFileReference; lastKnownFileType = text.xcconfig; path = Application.xcconfig; sourceTree = "<group>"; };
		385B018F20078BBE00E3D478 /* Framework.xcconfig */ = {isa = PBXFileReference; lastKnownFileType = text.xcconfig; path = Framework.xcconfig; sourceTree = "<group>"; };
		385B019020078BBE00E3D478 /* Tests.xcconfig */ = {isa = PBXFileReference; lastKnownFileType = text.xcconfig; path = Tests.xcconfig; sourceTree = "<group>"; };
		385B019220078BBE00E3D478 /* Common.xcconfig */ = {isa = PBXFileReference; lastKnownFileType = text.xcconfig; path = Common.xcconfig; sourceTree = "<group>"; };
		385B019320078BBE00E3D478 /* Carthage.xcconfig */ = {isa = PBXFileReference; lastKnownFileType = text.xcconfig; path = Carthage.xcconfig; sourceTree = "<group>"; };
		385B019420078BBE00E3D478 /* Variables.xcconfig */ = {isa = PBXFileReference; lastKnownFileType = text.xcconfig; path = Variables.xcconfig; sourceTree = "<group>"; };
		38FE6BA72006898100809A06 /* ExtensionTests.swift */ = {isa = PBXFileReference; fileEncoding = 4; lastKnownFileType = sourcecode.swift; path = ExtensionTests.swift; sourceTree = "<group>"; };
		38FE6BA82006898100809A06 /* ConfigurationTests.swift */ = {isa = PBXFileReference; fileEncoding = 4; lastKnownFileType = sourcecode.swift; path = ConfigurationTests.swift; sourceTree = "<group>"; };
		38FE6BA92006898100809A06 /* Info.plist */ = {isa = PBXFileReference; fileEncoding = 4; lastKnownFileType = text.plist.xml; path = Info.plist; sourceTree = "<group>"; };
		38FE6BAC2006898100809A06 /* Framework-Base.xcconfig */ = {isa = PBXFileReference; fileEncoding = 4; lastKnownFileType = text.xcconfig; path = "Framework-Base.xcconfig"; sourceTree = "<group>"; };
		38FE6BAD2006898100809A06 /* Common-Tests.xcconfig */ = {isa = PBXFileReference; fileEncoding = 4; lastKnownFileType = text.xcconfig; path = "Common-Tests.xcconfig"; sourceTree = "<group>"; };
		38FE6BAE2006898100809A06 /* Sample-Base.xcconfig */ = {isa = PBXFileReference; fileEncoding = 4; lastKnownFileType = text.xcconfig; path = "Sample-Base.xcconfig"; sourceTree = "<group>"; };
		38FE6BB02006898100809A06 /* Common-Base.xcconfig */ = {isa = PBXFileReference; fileEncoding = 4; lastKnownFileType = text.xcconfig; path = "Common-Base.xcconfig"; sourceTree = "<group>"; };
		38FE6BB12006898100809A06 /* Common-Development.xcconfig */ = {isa = PBXFileReference; fileEncoding = 4; lastKnownFileType = text.xcconfig; path = "Common-Development.xcconfig"; sourceTree = "<group>"; };
		38FE6BB22006898100809A06 /* Common-Release.xcconfig */ = {isa = PBXFileReference; fileEncoding = 4; lastKnownFileType = text.xcconfig; path = "Common-Release.xcconfig"; sourceTree = "<group>"; };
		38FE6BB52006898100809A06 /* Info.plist */ = {isa = PBXFileReference; fileEncoding = 4; lastKnownFileType = text.plist.xml; path = Info.plist; sourceTree = "<group>"; };
		38FE6BB82006898100809A06 /* ConnectionService.swift */ = {isa = PBXFileReference; fileEncoding = 4; lastKnownFileType = sourcecode.swift; path = ConnectionService.swift; sourceTree = "<group>"; };
		38FE6BB92006898100809A06 /* BluetoothConnection.swift */ = {isa = PBXFileReference; fileEncoding = 4; lastKnownFileType = sourcecode.swift; path = BluetoothConnection.swift; sourceTree = "<group>"; };
		38FE6BBB2006898100809A06 /* CBUUID.swift */ = {isa = PBXFileReference; fileEncoding = 4; lastKnownFileType = sourcecode.swift; path = CBUUID.swift; sourceTree = "<group>"; };
		38FE6BBC2006898100809A06 /* String.swift */ = {isa = PBXFileReference; fileEncoding = 4; lastKnownFileType = sourcecode.swift; path = String.swift; sourceTree = "<group>"; };
		38FE6BBE2006898100809A06 /* Peripheral.swift */ = {isa = PBXFileReference; fileEncoding = 4; lastKnownFileType = sourcecode.swift; path = Peripheral.swift; sourceTree = "<group>"; };
		38FE6BBF2006898100809A06 /* Service.swift */ = {isa = PBXFileReference; fileEncoding = 4; lastKnownFileType = sourcecode.swift; path = Service.swift; sourceTree = "<group>"; };
		38FE6BC02006898100809A06 /* Characteristic.swift */ = {isa = PBXFileReference; fileEncoding = 4; lastKnownFileType = sourcecode.swift; path = Characteristic.swift; sourceTree = "<group>"; };
		38FE6BC12006898100809A06 /* Configuration.swift */ = {isa = PBXFileReference; fileEncoding = 4; lastKnownFileType = sourcecode.swift; path = Configuration.swift; sourceTree = "<group>"; };
		38FE6BC42006898100809A06 /* ViewController.swift */ = {isa = PBXFileReference; fileEncoding = 4; lastKnownFileType = sourcecode.swift; path = ViewController.swift; sourceTree = "<group>"; };
		38FE6BC62006898100809A06 /* Assets.xcassets */ = {isa = PBXFileReference; lastKnownFileType = folder.assetcatalog; path = Assets.xcassets; sourceTree = "<group>"; };
		38FE6BC82006898100809A06 /* Base */ = {isa = PBXFileReference; lastKnownFileType = file.storyboard; name = Base; path = Base.lproj/LaunchScreen.storyboard; sourceTree = "<group>"; };
		38FE6BC92006898100809A06 /* Info.plist */ = {isa = PBXFileReference; fileEncoding = 4; lastKnownFileType = text.plist.xml; path = Info.plist; sourceTree = "<group>"; };
		38FE6BCA2006898100809A06 /* AppDelegate.swift */ = {isa = PBXFileReference; fileEncoding = 4; lastKnownFileType = sourcecode.swift; path = AppDelegate.swift; sourceTree = "<group>"; };
/* End PBXFileReference section */

/* Begin PBXFrameworksBuildPhase section */
		3837BA081FFFC2FE00DF300E /* Frameworks */ = {
			isa = PBXFrameworksBuildPhase;
			buildActionMask = 2147483647;
			files = (
				3837BA722003D26700DF300E /* Bluetooth.framework in Frameworks */,
			);
			runOnlyForDeploymentPostprocessing = 0;
		};
		3837BA2D1FFFC4CE00DF300E /* Frameworks */ = {
			isa = PBXFrameworksBuildPhase;
			buildActionMask = 2147483647;
			files = (
			);
			runOnlyForDeploymentPostprocessing = 0;
		};
		3837BA361FFFC4CE00DF300E /* Frameworks */ = {
			isa = PBXFrameworksBuildPhase;
			buildActionMask = 2147483647;
			files = (
				3837BA3A1FFFC4CE00DF300E /* Bluetooth.framework in Frameworks */,
			);
			runOnlyForDeploymentPostprocessing = 0;
		};
/* End PBXFrameworksBuildPhase section */

/* Begin PBXGroup section */
		3837BA021FFFC2FE00DF300E = {
			isa = PBXGroup;
			children = (
				38FE6BC32006898100809A06 /* Bluetooth */,
				38FE6BB32006898100809A06 /* Framework */,
				38FE6BA62006898100809A06 /* Unit Tests */,
				38FE6BAA2006898100809A06 /* Configurations */,
				3837BA0C1FFFC2FE00DF300E /* Products */,
			);
			sourceTree = "<group>";
		};
		3837BA0C1FFFC2FE00DF300E /* Products */ = {
			isa = PBXGroup;
			children = (
				3837BA0B1FFFC2FE00DF300E /* Bluetooth Demo.app */,
				3837BA311FFFC4CE00DF300E /* Bluetooth.framework */,
				3837BA391FFFC4CE00DF300E /* Bluetooth Tests.xctest */,
			);
			name = Products;
			sourceTree = "<group>";
		};
		385B018320078BA900E3D478 /* Base */ = {
			isa = PBXGroup;
			children = (
				385B019120078BBE00E3D478 /* Common */,
				385B018920078BBE00E3D478 /* Configurations */,
				385B018420078BBE00E3D478 /* Platforms */,
				385B018C20078BBE00E3D478 /* Targets */,
			);
			path = Base;
			sourceTree = "<group>";
		};
		385B018420078BBE00E3D478 /* Platforms */ = {
			isa = PBXGroup;
			children = (
				385B018520078BBE00E3D478 /* macOS.xcconfig */,
				385B018620078BBE00E3D478 /* tvOS.xcconfig */,
				385B018720078BBE00E3D478 /* iOS.xcconfig */,
				385B018820078BBE00E3D478 /* watchOS.xcconfig */,
			);
			path = Platforms;
			sourceTree = "<group>";
		};
		385B018920078BBE00E3D478 /* Configurations */ = {
			isa = PBXGroup;
			children = (
				385B018A20078BBE00E3D478 /* Debug.xcconfig */,
				385B018B20078BBE00E3D478 /* Release.xcconfig */,
			);
			path = Configurations;
			sourceTree = "<group>";
		};
		385B018C20078BBE00E3D478 /* Targets */ = {
			isa = PBXGroup;
			children = (
				385B018D20078BBE00E3D478 /* Extension.xcconfig */,
				385B018E20078BBE00E3D478 /* Application.xcconfig */,
				385B018F20078BBE00E3D478 /* Framework.xcconfig */,
				385B019020078BBE00E3D478 /* Tests.xcconfig */,
			);
			path = Targets;
			sourceTree = "<group>";
		};
		385B019120078BBE00E3D478 /* Common */ = {
			isa = PBXGroup;
			children = (
				385B019220078BBE00E3D478 /* Common.xcconfig */,
				385B019320078BBE00E3D478 /* Carthage.xcconfig */,
				385B019420078BBE00E3D478 /* Variables.xcconfig */,
			);
			path = Common;
			sourceTree = "<group>";
		};
		38FE6BA62006898100809A06 /* Unit Tests */ = {
			isa = PBXGroup;
			children = (
				38FE6BA72006898100809A06 /* ExtensionTests.swift */,
				38FE6BA82006898100809A06 /* ConfigurationTests.swift */,
				38FE6BA92006898100809A06 /* Info.plist */,
			);
			path = "Unit Tests";
			sourceTree = "<group>";
		};
		38FE6BAA2006898100809A06 /* Configurations */ = {
			isa = PBXGroup;
			children = (
				385B018320078BA900E3D478 /* Base */,
				38FE6BAB2006898100809A06 /* Framework */,
				38FE6BAF2006898100809A06 /* Common */,
			);
			path = Configurations;
			sourceTree = "<group>";
		};
		38FE6BAB2006898100809A06 /* Framework */ = {
			isa = PBXGroup;
			children = (
				38FE6BAC2006898100809A06 /* Framework-Base.xcconfig */,
				38FE6BAE2006898100809A06 /* Sample-Base.xcconfig */,
			);
			path = Framework;
			sourceTree = "<group>";
		};
		38FE6BAF2006898100809A06 /* Common */ = {
			isa = PBXGroup;
			children = (
				38FE6BB02006898100809A06 /* Common-Base.xcconfig */,
				38FE6BB12006898100809A06 /* Common-Development.xcconfig */,
				38FE6BB22006898100809A06 /* Common-Release.xcconfig */,
				38FE6BAD2006898100809A06 /* Common-Tests.xcconfig */,
			);
			path = Common;
			sourceTree = "<group>";
		};
		38FE6BB32006898100809A06 /* Framework */ = {
			isa = PBXGroup;
			children = (
				38FE6BB42006898100809A06 /* Supporting Files */,
				38FE6BB62006898100809A06 /* Source Files */,
			);
			path = Framework;
			sourceTree = "<group>";
		};
		38FE6BB42006898100809A06 /* Supporting Files */ = {
			isa = PBXGroup;
			children = (
				38FE6BB52006898100809A06 /* Info.plist */,
			);
			path = "Supporting Files";
			sourceTree = "<group>";
		};
		38FE6BB62006898100809A06 /* Source Files */ = {
			isa = PBXGroup;
			children = (
				38FE6BB72006898100809A06 /* Connection */,
				38FE6BBA2006898100809A06 /* Extensions */,
				38FE6BBD2006898100809A06 /* Model */,
				38FE6BC22006898100809A06 /* Command */,
			);
			path = "Source Files";
			sourceTree = "<group>";
		};
		38FE6BB72006898100809A06 /* Connection */ = {
			isa = PBXGroup;
			children = (
				38FE6BB82006898100809A06 /* ConnectionService.swift */,
				38FE6BB92006898100809A06 /* BluetoothConnection.swift */,
			);
			path = Connection;
			sourceTree = "<group>";
		};
		38FE6BBA2006898100809A06 /* Extensions */ = {
			isa = PBXGroup;
			children = (
				38FE6BBB2006898100809A06 /* CBUUID.swift */,
				38FE6BBC2006898100809A06 /* String.swift */,
			);
			path = Extensions;
			sourceTree = "<group>";
		};
		38FE6BBD2006898100809A06 /* Model */ = {
			isa = PBXGroup;
			children = (
				38FE6BBE2006898100809A06 /* Peripheral.swift */,
				38FE6BBF2006898100809A06 /* Service.swift */,
				38FE6BC02006898100809A06 /* Characteristic.swift */,
				38FE6BC12006898100809A06 /* Configuration.swift */,
			);
			path = Model;
			sourceTree = "<group>";
		};
		38FE6BC22006898100809A06 /* Command */ = {
			isa = PBXGroup;
			children = (
			);
			path = Command;
			sourceTree = "<group>";
		};
		38FE6BC32006898100809A06 /* Bluetooth */ = {
			isa = PBXGroup;
			children = (
				38FE6BCA2006898100809A06 /* AppDelegate.swift */,
				38FE6BC42006898100809A06 /* ViewController.swift */,
				38FE6BC52006898100809A06 /* Supporting Files */,
			);
			path = Bluetooth;
			sourceTree = "<group>";
		};
		38FE6BC52006898100809A06 /* Supporting Files */ = {
			isa = PBXGroup;
			children = (
				38FE6BC62006898100809A06 /* Assets.xcassets */,
				38FE6BC72006898100809A06 /* LaunchScreen.storyboard */,
				38FE6BC92006898100809A06 /* Info.plist */,
			);
			path = "Supporting Files";
			sourceTree = "<group>";
		};
/* End PBXGroup section */

/* Begin PBXHeadersBuildPhase section */
		3837BA2E1FFFC4CE00DF300E /* Headers */ = {
			isa = PBXHeadersBuildPhase;
			buildActionMask = 2147483647;
			files = (
			);
			runOnlyForDeploymentPostprocessing = 0;
		};
/* End PBXHeadersBuildPhase section */

/* Begin PBXNativeTarget section */
		3837BA0A1FFFC2FE00DF300E /* Sample */ = {
			isa = PBXNativeTarget;
			buildConfigurationList = 3837BA1D1FFFC2FE00DF300E /* Build configuration list for PBXNativeTarget "Sample" */;
			buildPhases = (
				3837BA071FFFC2FE00DF300E /* Sources */,
				3837BA081FFFC2FE00DF300E /* Frameworks */,
				3837BA091FFFC2FE00DF300E /* Resources */,
				3837BA762003D26700DF300E /* Embed Frameworks */,
			);
			buildRules = (
			);
			dependencies = (
				3837BA752003D26700DF300E /* PBXTargetDependency */,
			);
			name = Sample;
			productName = Bluetooth;
			productReference = 3837BA0B1FFFC2FE00DF300E /* Bluetooth Demo.app */;
			productType = "com.apple.product-type.application";
		};
		3837BA301FFFC4CE00DF300E /* Bluetooth */ = {
			isa = PBXNativeTarget;
			buildConfigurationList = 3837BA421FFFC4CE00DF300E /* Build configuration list for PBXNativeTarget "Bluetooth" */;
			buildPhases = (
				3837BA2C1FFFC4CE00DF300E /* Sources */,
				3837BA2D1FFFC4CE00DF300E /* Frameworks */,
				3837BA2E1FFFC4CE00DF300E /* Headers */,
				3837BA2F1FFFC4CE00DF300E /* Resources */,
			);
			buildRules = (
			);
			dependencies = (
			);
			name = Bluetooth;
			productName = Framework;
			productReference = 3837BA311FFFC4CE00DF300E /* Bluetooth.framework */;
			productType = "com.apple.product-type.framework";
		};
		3837BA381FFFC4CE00DF300E /* FrameworkTests */ = {
			isa = PBXNativeTarget;
			buildConfigurationList = 3837BA451FFFC4CE00DF300E /* Build configuration list for PBXNativeTarget "FrameworkTests" */;
			buildPhases = (
				3837BA351FFFC4CE00DF300E /* Sources */,
				3837BA361FFFC4CE00DF300E /* Frameworks */,
				3837BA371FFFC4CE00DF300E /* Resources */,
			);
			buildRules = (
			);
			dependencies = (
				3837BA3C1FFFC4CE00DF300E /* PBXTargetDependency */,
				3837BA692003BA4400DF300E /* PBXTargetDependency */,
			);
			name = FrameworkTests;
			productName = FrameworkTests;
			productReference = 3837BA391FFFC4CE00DF300E /* Bluetooth Tests.xctest */;
			productType = "com.apple.product-type.bundle.unit-test";
		};
/* End PBXNativeTarget section */

/* Begin PBXProject section */
		3837BA031FFFC2FE00DF300E /* Project object */ = {
			isa = PBXProject;
			attributes = {
				LastSwiftUpdateCheck = 0920;
				LastUpgradeCheck = 0920;
				ORGANIZATIONNAME = Netguru;
				TargetAttributes = {
					3837BA0A1FFFC2FE00DF300E = {
						CreatedOnToolsVersion = 9.2;
						ProvisioningStyle = Manual;
					};
					3837BA301FFFC4CE00DF300E = {
						CreatedOnToolsVersion = 9.2;
						ProvisioningStyle = Manual;
					};
					3837BA381FFFC4CE00DF300E = {
						CreatedOnToolsVersion = 9.2;
						ProvisioningStyle = Automatic;
						TestTargetID = 3837BA0A1FFFC2FE00DF300E;
					};
				};
			};
			buildConfigurationList = 3837BA061FFFC2FE00DF300E /* Build configuration list for PBXProject "Bluetooth" */;
			compatibilityVersion = "Xcode 8.0";
			developmentRegion = en;
			hasScannedForEncodings = 0;
			knownRegions = (
				en,
				Base,
			);
			mainGroup = 3837BA021FFFC2FE00DF300E;
			productRefGroup = 3837BA0C1FFFC2FE00DF300E /* Products */;
			projectDirPath = "";
			projectRoot = "";
			targets = (
				3837BA0A1FFFC2FE00DF300E /* Sample */,
				3837BA301FFFC4CE00DF300E /* Bluetooth */,
				3837BA381FFFC4CE00DF300E /* FrameworkTests */,
			);
		};
/* End PBXProject section */

/* Begin PBXResourcesBuildPhase section */
		3837BA091FFFC2FE00DF300E /* Resources */ = {
			isa = PBXResourcesBuildPhase;
			buildActionMask = 2147483647;
			files = (
				38FE6BE42006898F00809A06 /* Assets.xcassets in Resources */,
				38FE6BE52006899300809A06 /* LaunchScreen.storyboard in Resources */,
			);
			runOnlyForDeploymentPostprocessing = 0;
		};
		3837BA2F1FFFC4CE00DF300E /* Resources */ = {
			isa = PBXResourcesBuildPhase;
			buildActionMask = 2147483647;
			files = (
				38FE6BD42006898100809A06 /* Info.plist in Resources */,
			);
			runOnlyForDeploymentPostprocessing = 0;
		};
		3837BA371FFFC4CE00DF300E /* Resources */ = {
			isa = PBXResourcesBuildPhase;
			buildActionMask = 2147483647;
			files = (
			);
			runOnlyForDeploymentPostprocessing = 0;
		};
/* End PBXResourcesBuildPhase section */

/* Begin PBXSourcesBuildPhase section */
		3837BA071FFFC2FE00DF300E /* Sources */ = {
			isa = PBXSourcesBuildPhase;
			buildActionMask = 2147483647;
			files = (
				38FE6BE32006898B00809A06 /* ViewController.swift in Sources */,
				38FE6BE22006898800809A06 /* AppDelegate.swift in Sources */,
			);
			runOnlyForDeploymentPostprocessing = 0;
		};
		3837BA2C1FFFC4CE00DF300E /* Sources */ = {
			isa = PBXSourcesBuildPhase;
			buildActionMask = 2147483647;
			files = (
				38FE6BD82006898100809A06 /* String.swift in Sources */,
				38FE6BDA2006898100809A06 /* Service.swift in Sources */,
				38FE6BD92006898100809A06 /* Peripheral.swift in Sources */,
				38FE6BDB2006898100809A06 /* Characteristic.swift in Sources */,
				38FE6BD52006898100809A06 /* ConnectionService.swift in Sources */,
				38FE6BDC2006898100809A06 /* Configuration.swift in Sources */,
				38FE6BD62006898100809A06 /* BluetoothConnection.swift in Sources */,
				38FE6BD72006898100809A06 /* CBUUID.swift in Sources */,
			);
			runOnlyForDeploymentPostprocessing = 0;
		};
		3837BA351FFFC4CE00DF300E /* Sources */ = {
			isa = PBXSourcesBuildPhase;
			buildActionMask = 2147483647;
			files = (
				38FE6BE7200689AB00809A06 /* ConfigurationTests.swift in Sources */,
				38FE6BE6200689A700809A06 /* ExtensionTests.swift in Sources */,
			);
			runOnlyForDeploymentPostprocessing = 0;
		};
/* End PBXSourcesBuildPhase section */

/* Begin PBXTargetDependency section */
		3837BA3C1FFFC4CE00DF300E /* PBXTargetDependency */ = {
			isa = PBXTargetDependency;
			target = 3837BA301FFFC4CE00DF300E /* Bluetooth */;
			targetProxy = 3837BA3B1FFFC4CE00DF300E /* PBXContainerItemProxy */;
		};
		3837BA692003BA4400DF300E /* PBXTargetDependency */ = {
			isa = PBXTargetDependency;
			target = 3837BA0A1FFFC2FE00DF300E /* Sample */;
			targetProxy = 3837BA682003BA4400DF300E /* PBXContainerItemProxy */;
		};
		3837BA752003D26700DF300E /* PBXTargetDependency */ = {
			isa = PBXTargetDependency;
			target = 3837BA301FFFC4CE00DF300E /* Bluetooth */;
			targetProxy = 3837BA742003D26700DF300E /* PBXContainerItemProxy */;
		};
/* End PBXTargetDependency section */

/* Begin PBXVariantGroup section */
		38FE6BC72006898100809A06 /* LaunchScreen.storyboard */ = {
			isa = PBXVariantGroup;
			children = (
				38FE6BC82006898100809A06 /* Base */,
			);
			name = LaunchScreen.storyboard;
			sourceTree = "<group>";
		};
/* End PBXVariantGroup section */

/* Begin XCBuildConfiguration section */
		3837BA1B1FFFC2FE00DF300E /* Debug */ = {
			isa = XCBuildConfiguration;
			baseConfigurationReference = 38FE6BB12006898100809A06 /* Common-Development.xcconfig */;
			buildSettings = {
			};
			name = Debug;
		};
		3837BA1C1FFFC2FE00DF300E /* Release */ = {
			isa = XCBuildConfiguration;
			baseConfigurationReference = 38FE6BB22006898100809A06 /* Common-Release.xcconfig */;
			buildSettings = {
			};
			name = Release;
		};
		3837BA1E1FFFC2FE00DF300E /* Debug */ = {
			isa = XCBuildConfiguration;
			baseConfigurationReference = 38FE6BAE2006898100809A06 /* Sample-Base.xcconfig */;
			buildSettings = {
			};
			name = Debug;
		};
		3837BA1F1FFFC2FE00DF300E /* Release */ = {
			isa = XCBuildConfiguration;
			baseConfigurationReference = 38FE6BAE2006898100809A06 /* Sample-Base.xcconfig */;
			buildSettings = {
			};
			name = Release;
		};
		3837BA431FFFC4CE00DF300E /* Debug */ = {
			isa = XCBuildConfiguration;
			baseConfigurationReference = 38FE6BAC2006898100809A06 /* Framework-Base.xcconfig */;
			buildSettings = {
			};
			name = Debug;
		};
		3837BA441FFFC4CE00DF300E /* Release */ = {
			isa = XCBuildConfiguration;
			baseConfigurationReference = 38FE6BAC2006898100809A06 /* Framework-Base.xcconfig */;
			buildSettings = {
			};
			name = Release;
		};
		3837BA461FFFC4CE00DF300E /* Debug */ = {
			isa = XCBuildConfiguration;
			baseConfigurationReference = 38FE6BAD2006898100809A06 /* Common-Tests.xcconfig */;
			buildSettings = {
				BUNDLE_LOADER = "$(TEST_HOST)";
				TEST_HOST = "$(BUILT_PRODUCTS_DIR)/Bluetooth Demo.app/Bluetooth Demo";
			};
			name = Debug;
		};
		3837BA471FFFC4CE00DF300E /* Release */ = {
			isa = XCBuildConfiguration;
			buildSettings = {
				BUNDLE_LOADER = "$(TEST_HOST)";
				TEST_HOST = "$(BUILT_PRODUCTS_DIR)/Bluetooth Demo.app/Bluetooth Demo";
			};
			name = Release;
		};
/* End XCBuildConfiguration section */

/* Begin XCConfigurationList section */
		3837BA061FFFC2FE00DF300E /* Build configuration list for PBXProject "Bluetooth" */ = {
			isa = XCConfigurationList;
			buildConfigurations = (
				3837BA1B1FFFC2FE00DF300E /* Debug */,
				3837BA1C1FFFC2FE00DF300E /* Release */,
			);
			defaultConfigurationIsVisible = 0;
			defaultConfigurationName = Release;
		};
		3837BA1D1FFFC2FE00DF300E /* Build configuration list for PBXNativeTarget "Sample" */ = {
			isa = XCConfigurationList;
			buildConfigurations = (
				3837BA1E1FFFC2FE00DF300E /* Debug */,
				3837BA1F1FFFC2FE00DF300E /* Release */,
			);
			defaultConfigurationIsVisible = 0;
			defaultConfigurationName = Release;
		};
		3837BA421FFFC4CE00DF300E /* Build configuration list for PBXNativeTarget "Bluetooth" */ = {
			isa = XCConfigurationList;
			buildConfigurations = (
				3837BA431FFFC4CE00DF300E /* Debug */,
				3837BA441FFFC4CE00DF300E /* Release */,
			);
			defaultConfigurationIsVisible = 0;
			defaultConfigurationName = Release;
		};
		3837BA451FFFC4CE00DF300E /* Build configuration list for PBXNativeTarget "FrameworkTests" */ = {
			isa = XCConfigurationList;
			buildConfigurations = (
				3837BA461FFFC4CE00DF300E /* Debug */,
				3837BA471FFFC4CE00DF300E /* Release */,
			);
			defaultConfigurationIsVisible = 0;
			defaultConfigurationName = Release;
		};
/* End XCConfigurationList section */
	};
	rootObject = 3837BA031FFFC2FE00DF300E /* Project object */;
}
