// !$*UTF8*$!
{
	archiveVersion = 1;
	classes = {
	};
	objectVersion = 48;
	objects = {

/* Begin PBXBuildFile section */
		382516562049899F0097F9D7 /* AdvertisementData.swift in Sources */ = {isa = PBXBuildFile; fileRef = 382516552049899F0097F9D7 /* AdvertisementData.swift */; };
		3825165820498C450097F9D7 /* BluetoothError.swift in Sources */ = {isa = PBXBuildFile; fileRef = 3825165720498C450097F9D7 /* BluetoothError.swift */; };
		382CD41C2028E5950065DFF6 /* Int.swift in Sources */ = {isa = PBXBuildFile; fileRef = 3863BE73200D582600FD4EC9 /* Int.swift */; };
		382CD41D2028F1360065DFF6 /* Data.swift in Sources */ = {isa = PBXBuildFile; fileRef = 3863BE75200D5B9B00FD4EC9 /* Data.swift */; };
		382CD41F2028F4B50065DFF6 /* CommandTests.swift in Sources */ = {isa = PBXBuildFile; fileRef = 382CD41E2028F4B50065DFF6 /* CommandTests.swift */; };
		3837BA3A1FFFC4CE00DF300E /* BlueSwift.framework in Frameworks */ = {isa = PBXBuildFile; fileRef = 3837BA311FFFC4CE00DF300E /* BlueSwift.framework */; };
		3837BA722003D26700DF300E /* BlueSwift.framework in Frameworks */ = {isa = PBXBuildFile; fileRef = 3837BA311FFFC4CE00DF300E /* BlueSwift.framework */; };
		3837BA732003D26700DF300E /* BlueSwift.framework in Embed Frameworks */ = {isa = PBXBuildFile; fileRef = 3837BA311FFFC4CE00DF300E /* BlueSwift.framework */; settings = {ATTRIBUTES = (CodeSignOnCopy, RemoveHeadersOnCopy, ); }; };
		385B01AD2007C93000E3D478 /* Array.swift in Sources */ = {isa = PBXBuildFile; fileRef = 385B01AC2007C93000E3D478 /* Array.swift */; };
		385BDC17204FD964003B2689 /* AdvertisementViewController.swift in Sources */ = {isa = PBXBuildFile; fileRef = 385BDC15204FD961003B2689 /* AdvertisementViewController.swift */; };
		385BDC19204FD972003B2689 /* ConnectionViewController.swift in Sources */ = {isa = PBXBuildFile; fileRef = 385BDC18204FD972003B2689 /* ConnectionViewController.swift */; };
		3863BE67200BD5E700FD4EC9 /* Command.swift in Sources */ = {isa = PBXBuildFile; fileRef = 3863BE66200BD5E700FD4EC9 /* Command.swift */; };
		3863BE69200BDDBA00FD4EC9 /* CBCharacteristic.swift in Sources */ = {isa = PBXBuildFile; fileRef = 3863BE68200BDDBA00FD4EC9 /* CBCharacteristic.swift */; };
		38974AF8203738F30024CCD5 /* BluetoothAdvertisement.swift in Sources */ = {isa = PBXBuildFile; fileRef = 38974AF6203732DB0024CCD5 /* BluetoothAdvertisement.swift */; };
		38974AFA20373A660024CCD5 /* AdvertisementService.swift in Sources */ = {isa = PBXBuildFile; fileRef = 38974AF920373A660024CCD5 /* AdvertisementService.swift */; };
		38BE35DC203DD67D0018EA0D /* ConnectablePeripheral.swift in Sources */ = {isa = PBXBuildFile; fileRef = 38BE35DA203DD6450018EA0D /* ConnectablePeripheral.swift */; };
		38BE35DF203DD6B30018EA0D /* AdvertisablePeripheral.swift in Sources */ = {isa = PBXBuildFile; fileRef = 38BE35DD203DD6B10018EA0D /* AdvertisablePeripheral.swift */; };
		38BE35E1203DD8D40018EA0D /* CBManager.swift in Sources */ = {isa = PBXBuildFile; fileRef = 38BE35E0203DD8D40018EA0D /* CBManager.swift */; };
		38EBB9572052D0EF002797A1 /* Main.storyboard in Resources */ = {isa = PBXBuildFile; fileRef = 38EBB9552052CC2D002797A1 /* Main.storyboard */; };
		38FE6BD52006898100809A06 /* ConnectionService.swift in Sources */ = {isa = PBXBuildFile; fileRef = 38FE6BB82006898100809A06 /* ConnectionService.swift */; };
		38FE6BD62006898100809A06 /* BluetoothConnection.swift in Sources */ = {isa = PBXBuildFile; fileRef = 38FE6BB92006898100809A06 /* BluetoothConnection.swift */; };
		38FE6BD72006898100809A06 /* CBUUID.swift in Sources */ = {isa = PBXBuildFile; fileRef = 38FE6BBB2006898100809A06 /* CBUUID.swift */; };
		38FE6BD82006898100809A06 /* String.swift in Sources */ = {isa = PBXBuildFile; fileRef = 38FE6BBC2006898100809A06 /* String.swift */; };
		38FE6BD92006898100809A06 /* Peripheral.swift in Sources */ = {isa = PBXBuildFile; fileRef = 38FE6BBE2006898100809A06 /* Peripheral.swift */; };
		38FE6BDA2006898100809A06 /* Service.swift in Sources */ = {isa = PBXBuildFile; fileRef = 38FE6BBF2006898100809A06 /* Service.swift */; };
		38FE6BDB2006898100809A06 /* Characteristic.swift in Sources */ = {isa = PBXBuildFile; fileRef = 38FE6BC02006898100809A06 /* Characteristic.swift */; };
		38FE6BDC2006898100809A06 /* Configuration.swift in Sources */ = {isa = PBXBuildFile; fileRef = 38FE6BC12006898100809A06 /* Configuration.swift */; };
		38FE6BE22006898800809A06 /* AppDelegate.swift in Sources */ = {isa = PBXBuildFile; fileRef = 38FE6BCA2006898100809A06 /* AppDelegate.swift */; };
		38FE6BE42006898F00809A06 /* Assets.xcassets in Resources */ = {isa = PBXBuildFile; fileRef = 38FE6BC62006898100809A06 /* Assets.xcassets */; };
		38FE6BE52006899300809A06 /* LaunchScreen.storyboard in Resources */ = {isa = PBXBuildFile; fileRef = 38FE6BC72006898100809A06 /* LaunchScreen.storyboard */; };
		38FE6BE6200689A700809A06 /* ExtensionTests.swift in Sources */ = {isa = PBXBuildFile; fileRef = 38FE6BA72006898100809A06 /* ExtensionTests.swift */; };
		38FE6BE7200689AB00809A06 /* ConfigurationTests.swift in Sources */ = {isa = PBXBuildFile; fileRef = 38FE6BA82006898100809A06 /* ConfigurationTests.swift */; };
		3A369634210F1C4E007C62F1 /* CoreBluetooth.framework in Frameworks */ = {isa = PBXBuildFile; fileRef = 3A369633210F1C4E007C62F1 /* CoreBluetooth.framework */; };
		3A369636210F1C57007C62F1 /* XCTest.framework in Frameworks */ = {isa = PBXBuildFile; fileRef = 3A369635210F1C57007C62F1 /* XCTest.framework */; };
		4B62466A280811CA009A8CC7 /* BluetoothAuthorizationStatus.swift in Sources */ = {isa = PBXBuildFile; fileRef = 4B624669280811CA009A8CC7 /* BluetoothAuthorizationStatus.swift */; };
		4BEB6E6F2800735D0061C702 /* Sequence.swift in Sources */ = {isa = PBXBuildFile; fileRef = 4BEB6E6E2800735D0061C702 /* Sequence.swift */; };
		4BEB6E72280077010061C702 /* SequenceExtensionTests.swift in Sources */ = {isa = PBXBuildFile; fileRef = 4BEB6E70280075510061C702 /* SequenceExtensionTests.swift */; };
/* End PBXBuildFile section */

/* Begin PBXContainerItemProxy section */
		3837BA3B1FFFC4CE00DF300E /* PBXContainerItemProxy */ = {
			isa = PBXContainerItemProxy;
			containerPortal = 3837BA031FFFC2FE00DF300E /* Project object */;
			proxyType = 1;
			remoteGlobalIDString = 3837BA301FFFC4CE00DF300E;
			remoteInfo = Framework;
		};
		3837BA682003BA4400DF300E /* PBXContainerItemProxy */ = {
			isa = PBXContainerItemProxy;
			containerPortal = 3837BA031FFFC2FE00DF300E /* Project object */;
			proxyType = 1;
			remoteGlobalIDString = 3837BA0A1FFFC2FE00DF300E;
			remoteInfo = Sample;
		};
		3837BA742003D26700DF300E /* PBXContainerItemProxy */ = {
			isa = PBXContainerItemProxy;
			containerPortal = 3837BA031FFFC2FE00DF300E /* Project object */;
			proxyType = 1;
			remoteGlobalIDString = 3837BA301FFFC4CE00DF300E;
			remoteInfo = Bluetooth;
		};
/* End PBXContainerItemProxy section */

/* Begin PBXCopyFilesBuildPhase section */
		3837BA762003D26700DF300E /* Embed Frameworks */ = {
			isa = PBXCopyFilesBuildPhase;
			buildActionMask = 2147483647;
			dstPath = "";
			dstSubfolderSpec = 10;
			files = (
				3837BA732003D26700DF300E /* BlueSwift.framework in Embed Frameworks */,
			);
			name = "Embed Frameworks";
			runOnlyForDeploymentPostprocessing = 0;
		};
/* End PBXCopyFilesBuildPhase section */

/* Begin PBXFileReference section */
		382516552049899F0097F9D7 /* AdvertisementData.swift */ = {isa = PBXFileReference; lastKnownFileType = sourcecode.swift; path = AdvertisementData.swift; sourceTree = "<group>"; };
		3825165720498C450097F9D7 /* BluetoothError.swift */ = {isa = PBXFileReference; lastKnownFileType = sourcecode.swift; path = BluetoothError.swift; sourceTree = "<group>"; };
		382CD41E2028F4B50065DFF6 /* CommandTests.swift */ = {isa = PBXFileReference; lastKnownFileType = sourcecode.swift; path = CommandTests.swift; sourceTree = "<group>"; };
		3837BA0B1FFFC2FE00DF300E /* BlueSwiftSample.app */ = {isa = PBXFileReference; explicitFileType = wrapper.application; includeInIndex = 0; path = BlueSwiftSample.app; sourceTree = BUILT_PRODUCTS_DIR; };
		3837BA311FFFC4CE00DF300E /* BlueSwift.framework */ = {isa = PBXFileReference; explicitFileType = wrapper.framework; includeInIndex = 0; path = BlueSwift.framework; sourceTree = BUILT_PRODUCTS_DIR; };
		3837BA391FFFC4CE00DF300E /* BlueSwiftTests.xctest */ = {isa = PBXFileReference; explicitFileType = wrapper.cfbundle; includeInIndex = 0; path = BlueSwiftTests.xctest; sourceTree = BUILT_PRODUCTS_DIR; };
		3838CEBA20ADEC75006E4AC5 /* Debug.xcconfig */ = {isa = PBXFileReference; lastKnownFileType = text.xcconfig; path = Debug.xcconfig; sourceTree = "<group>"; };
		3838CEBB20ADEC75006E4AC5 /* Release.xcconfig */ = {isa = PBXFileReference; lastKnownFileType = text.xcconfig; path = Release.xcconfig; sourceTree = "<group>"; };
		3838CEBC20ADEC75006E4AC5 /* LICENSE.md */ = {isa = PBXFileReference; lastKnownFileType = net.daringfireball.markdown; path = LICENSE.md; sourceTree = "<group>"; };
		3838CEBE20ADEC75006E4AC5 /* Best-Practices.md */ = {isa = PBXFileReference; lastKnownFileType = net.daringfireball.markdown; path = "Best-Practices.md"; sourceTree = "<group>"; };
		3838CEC020ADEC75006E4AC5 /* usage-delete-build-settings.gif */ = {isa = PBXFileReference; lastKnownFileType = image.gif; path = "usage-delete-build-settings.gif"; sourceTree = "<group>"; };
		3838CEC120ADEC75006E4AC5 /* usage-assign-project-configurations.gif */ = {isa = PBXFileReference; lastKnownFileType = image.gif; path = "usage-assign-project-configurations.gif"; sourceTree = "<group>"; };
		3838CEC220ADEC75006E4AC5 /* usage-build.gif */ = {isa = PBXFileReference; lastKnownFileType = image.gif; path = "usage-build.gif"; sourceTree = "<group>"; };
		3838CEC320ADEC75006E4AC5 /* usage-update-info-plist.gif */ = {isa = PBXFileReference; lastKnownFileType = image.gif; path = "usage-update-info-plist.gif"; sourceTree = "<group>"; };
		3838CEC420ADEC75006E4AC5 /* Carthage.md */ = {isa = PBXFileReference; lastKnownFileType = net.daringfireball.markdown; path = Carthage.md; sourceTree = "<group>"; };
		3838CEC520ADEC75006E4AC5 /* Tutorial.md */ = {isa = PBXFileReference; lastKnownFileType = net.daringfireball.markdown; path = Tutorial.md; sourceTree = "<group>"; };
		3838CEC620ADEC75006E4AC5 /* Code-Signing.md */ = {isa = PBXFileReference; lastKnownFileType = net.daringfireball.markdown; path = "Code-Signing.md"; sourceTree = "<group>"; };
		3838CEC720ADEC75006E4AC5 /* CocoaPods.md */ = {isa = PBXFileReference; lastKnownFileType = net.daringfireball.markdown; path = CocoaPods.md; sourceTree = "<group>"; };
		3838CEC820ADEC75006E4AC5 /* Variables.md */ = {isa = PBXFileReference; lastKnownFileType = net.daringfireball.markdown; path = Variables.md; sourceTree = "<group>"; };
		3838CECA20ADEC75006E4AC5 /* macOS.xcconfig */ = {isa = PBXFileReference; lastKnownFileType = text.xcconfig; path = macOS.xcconfig; sourceTree = "<group>"; };
		3838CECB20ADEC75006E4AC5 /* tvOS.xcconfig */ = {isa = PBXFileReference; lastKnownFileType = text.xcconfig; path = tvOS.xcconfig; sourceTree = "<group>"; };
		3838CECC20ADEC75006E4AC5 /* iOS.xcconfig */ = {isa = PBXFileReference; lastKnownFileType = text.xcconfig; path = iOS.xcconfig; sourceTree = "<group>"; };
		3838CECD20ADEC75006E4AC5 /* watchOS.xcconfig */ = {isa = PBXFileReference; lastKnownFileType = text.xcconfig; path = watchOS.xcconfig; sourceTree = "<group>"; };
		3838CECF20ADEC75006E4AC5 /* Extension.xcconfig */ = {isa = PBXFileReference; lastKnownFileType = text.xcconfig; path = Extension.xcconfig; sourceTree = "<group>"; };
		3838CED020ADEC75006E4AC5 /* Application.xcconfig */ = {isa = PBXFileReference; lastKnownFileType = text.xcconfig; path = Application.xcconfig; sourceTree = "<group>"; };
		3838CED120ADEC75006E4AC5 /* Framework.xcconfig */ = {isa = PBXFileReference; lastKnownFileType = text.xcconfig; path = Framework.xcconfig; sourceTree = "<group>"; };
		3838CED220ADEC75006E4AC5 /* Tests.xcconfig */ = {isa = PBXFileReference; lastKnownFileType = text.xcconfig; path = Tests.xcconfig; sourceTree = "<group>"; };
		3838CED520ADEC75006E4AC5 /* README.md */ = {isa = PBXFileReference; lastKnownFileType = net.daringfireball.markdown; path = README.md; sourceTree = "<group>"; };
		3838CED720ADEC75006E4AC5 /* Common.xcconfig */ = {isa = PBXFileReference; lastKnownFileType = text.xcconfig; path = Common.xcconfig; sourceTree = "<group>"; };
		3838CED820ADEC75006E4AC5 /* Carthage.xcconfig */ = {isa = PBXFileReference; lastKnownFileType = text.xcconfig; path = Carthage.xcconfig; sourceTree = "<group>"; };
		3838CED920ADEC75006E4AC5 /* Variables.xcconfig */ = {isa = PBXFileReference; lastKnownFileType = text.xcconfig; path = Variables.xcconfig; sourceTree = "<group>"; };
		385B01AC2007C93000E3D478 /* Array.swift */ = {isa = PBXFileReference; fileEncoding = 4; lastKnownFileType = sourcecode.swift; path = Array.swift; sourceTree = "<group>"; };
		385BDC15204FD961003B2689 /* AdvertisementViewController.swift */ = {isa = PBXFileReference; lastKnownFileType = sourcecode.swift; path = AdvertisementViewController.swift; sourceTree = "<group>"; };
		385BDC18204FD972003B2689 /* ConnectionViewController.swift */ = {isa = PBXFileReference; lastKnownFileType = sourcecode.swift; path = ConnectionViewController.swift; sourceTree = "<group>"; };
		3863BE66200BD5E700FD4EC9 /* Command.swift */ = {isa = PBXFileReference; lastKnownFileType = sourcecode.swift; path = Command.swift; sourceTree = "<group>"; };
		3863BE68200BDDBA00FD4EC9 /* CBCharacteristic.swift */ = {isa = PBXFileReference; lastKnownFileType = sourcecode.swift; path = CBCharacteristic.swift; sourceTree = "<group>"; };
		3863BE73200D582600FD4EC9 /* Int.swift */ = {isa = PBXFileReference; lastKnownFileType = sourcecode.swift; path = Int.swift; sourceTree = "<group>"; };
		3863BE75200D5B9B00FD4EC9 /* Data.swift */ = {isa = PBXFileReference; lastKnownFileType = sourcecode.swift; path = Data.swift; sourceTree = "<group>"; };
		38974AF6203732DB0024CCD5 /* BluetoothAdvertisement.swift */ = {isa = PBXFileReference; lastKnownFileType = sourcecode.swift; path = BluetoothAdvertisement.swift; sourceTree = "<group>"; };
		38974AF920373A660024CCD5 /* AdvertisementService.swift */ = {isa = PBXFileReference; lastKnownFileType = sourcecode.swift; path = AdvertisementService.swift; sourceTree = "<group>"; };
		38BE35DA203DD6450018EA0D /* ConnectablePeripheral.swift */ = {isa = PBXFileReference; lastKnownFileType = sourcecode.swift; path = ConnectablePeripheral.swift; sourceTree = "<group>"; };
		38BE35DD203DD6B10018EA0D /* AdvertisablePeripheral.swift */ = {isa = PBXFileReference; lastKnownFileType = sourcecode.swift; path = AdvertisablePeripheral.swift; sourceTree = "<group>"; };
		38BE35E0203DD8D40018EA0D /* CBManager.swift */ = {isa = PBXFileReference; lastKnownFileType = sourcecode.swift; path = CBManager.swift; sourceTree = "<group>"; };
		38EBB9552052CC2D002797A1 /* Main.storyboard */ = {isa = PBXFileReference; lastKnownFileType = file.storyboard; path = Main.storyboard; sourceTree = "<group>"; };
		38FE6BA72006898100809A06 /* ExtensionTests.swift */ = {isa = PBXFileReference; fileEncoding = 4; lastKnownFileType = sourcecode.swift; path = ExtensionTests.swift; sourceTree = "<group>"; };
		38FE6BA82006898100809A06 /* ConfigurationTests.swift */ = {isa = PBXFileReference; fileEncoding = 4; lastKnownFileType = sourcecode.swift; path = ConfigurationTests.swift; sourceTree = "<group>"; };
		38FE6BA92006898100809A06 /* Info.plist */ = {isa = PBXFileReference; fileEncoding = 4; lastKnownFileType = text.plist.xml; path = Info.plist; sourceTree = "<group>"; };
		38FE6BAC2006898100809A06 /* Framework-Base.xcconfig */ = {isa = PBXFileReference; fileEncoding = 4; lastKnownFileType = text.xcconfig; path = "Framework-Base.xcconfig"; sourceTree = "<group>"; };
		38FE6BB02006898100809A06 /* Common-Base.xcconfig */ = {isa = PBXFileReference; fileEncoding = 4; lastKnownFileType = text.xcconfig; path = "Common-Base.xcconfig"; sourceTree = "<group>"; };
		38FE6BB12006898100809A06 /* Common-Development.xcconfig */ = {isa = PBXFileReference; fileEncoding = 4; lastKnownFileType = text.xcconfig; path = "Common-Development.xcconfig"; sourceTree = "<group>"; };
		38FE6BB22006898100809A06 /* Common-Release.xcconfig */ = {isa = PBXFileReference; fileEncoding = 4; lastKnownFileType = text.xcconfig; path = "Common-Release.xcconfig"; sourceTree = "<group>"; };
		38FE6BB52006898100809A06 /* Info.plist */ = {isa = PBXFileReference; fileEncoding = 4; lastKnownFileType = text.plist.xml; path = Info.plist; sourceTree = "<group>"; };
		38FE6BB82006898100809A06 /* ConnectionService.swift */ = {isa = PBXFileReference; fileEncoding = 4; lastKnownFileType = sourcecode.swift; path = ConnectionService.swift; sourceTree = "<group>"; };
		38FE6BB92006898100809A06 /* BluetoothConnection.swift */ = {isa = PBXFileReference; fileEncoding = 4; lastKnownFileType = sourcecode.swift; path = BluetoothConnection.swift; sourceTree = "<group>"; };
		38FE6BBB2006898100809A06 /* CBUUID.swift */ = {isa = PBXFileReference; fileEncoding = 4; lastKnownFileType = sourcecode.swift; path = CBUUID.swift; sourceTree = "<group>"; };
		38FE6BBC2006898100809A06 /* String.swift */ = {isa = PBXFileReference; fileEncoding = 4; lastKnownFileType = sourcecode.swift; path = String.swift; sourceTree = "<group>"; };
		38FE6BBE2006898100809A06 /* Peripheral.swift */ = {isa = PBXFileReference; fileEncoding = 4; lastKnownFileType = sourcecode.swift; path = Peripheral.swift; sourceTree = "<group>"; };
		38FE6BBF2006898100809A06 /* Service.swift */ = {isa = PBXFileReference; fileEncoding = 4; lastKnownFileType = sourcecode.swift; path = Service.swift; sourceTree = "<group>"; };
		38FE6BC02006898100809A06 /* Characteristic.swift */ = {isa = PBXFileReference; fileEncoding = 4; lastKnownFileType = sourcecode.swift; path = Characteristic.swift; sourceTree = "<group>"; };
		38FE6BC12006898100809A06 /* Configuration.swift */ = {isa = PBXFileReference; fileEncoding = 4; lastKnownFileType = sourcecode.swift; path = Configuration.swift; sourceTree = "<group>"; };
		38FE6BC62006898100809A06 /* Assets.xcassets */ = {isa = PBXFileReference; lastKnownFileType = folder.assetcatalog; path = Assets.xcassets; sourceTree = "<group>"; };
		38FE6BC82006898100809A06 /* Base */ = {isa = PBXFileReference; lastKnownFileType = file.storyboard; name = Base; path = Base.lproj/LaunchScreen.storyboard; sourceTree = "<group>"; };
		38FE6BC92006898100809A06 /* Info.plist */ = {isa = PBXFileReference; fileEncoding = 4; lastKnownFileType = text.plist.xml; path = Info.plist; sourceTree = "<group>"; };
		38FE6BCA2006898100809A06 /* AppDelegate.swift */ = {isa = PBXFileReference; fileEncoding = 4; lastKnownFileType = sourcecode.swift; path = AppDelegate.swift; sourceTree = "<group>"; };
		3A142D23210F0EE5000A6089 /* Tests-Base.xcconfig */ = {isa = PBXFileReference; lastKnownFileType = text.xcconfig; path = "Tests-Base.xcconfig"; sourceTree = "<group>"; };
		3A142D24210F0EEE000A6089 /* Sample-Base.xcconfig */ = {isa = PBXFileReference; lastKnownFileType = text.xcconfig; path = "Sample-Base.xcconfig"; sourceTree = "<group>"; };
		3A369633210F1C4E007C62F1 /* CoreBluetooth.framework */ = {isa = PBXFileReference; lastKnownFileType = wrapper.framework; name = CoreBluetooth.framework; path = Platforms/iPhoneOS.platform/Developer/SDKs/iPhoneOS11.4.sdk/System/Library/Frameworks/CoreBluetooth.framework; sourceTree = DEVELOPER_DIR; };
		3A369635210F1C57007C62F1 /* XCTest.framework */ = {isa = PBXFileReference; lastKnownFileType = wrapper.framework; name = XCTest.framework; path = Platforms/iPhoneOS.platform/Developer/Library/Frameworks/XCTest.framework; sourceTree = DEVELOPER_DIR; };
		4B624669280811CA009A8CC7 /* BluetoothAuthorizationStatus.swift */ = {isa = PBXFileReference; lastKnownFileType = sourcecode.swift; path = BluetoothAuthorizationStatus.swift; sourceTree = "<group>"; };
		4BEB6E6E2800735D0061C702 /* Sequence.swift */ = {isa = PBXFileReference; lastKnownFileType = sourcecode.swift; path = Sequence.swift; sourceTree = "<group>"; };
		4BEB6E70280075510061C702 /* SequenceExtensionTests.swift */ = {isa = PBXFileReference; lastKnownFileType = sourcecode.swift; path = SequenceExtensionTests.swift; sourceTree = "<group>"; };
/* End PBXFileReference section */

/* Begin PBXFrameworksBuildPhase section */
		3837BA081FFFC2FE00DF300E /* Frameworks */ = {
			isa = PBXFrameworksBuildPhase;
			buildActionMask = 2147483647;
			files = (
				3837BA722003D26700DF300E /* BlueSwift.framework in Frameworks */,
			);
			runOnlyForDeploymentPostprocessing = 0;
		};
		3837BA2D1FFFC4CE00DF300E /* Frameworks */ = {
			isa = PBXFrameworksBuildPhase;
			buildActionMask = 2147483647;
			files = (
				3A369634210F1C4E007C62F1 /* CoreBluetooth.framework in Frameworks */,
			);
			runOnlyForDeploymentPostprocessing = 0;
		};
		3837BA361FFFC4CE00DF300E /* Frameworks */ = {
			isa = PBXFrameworksBuildPhase;
			buildActionMask = 2147483647;
			files = (
				3A369636210F1C57007C62F1 /* XCTest.framework in Frameworks */,
				3837BA3A1FFFC4CE00DF300E /* BlueSwift.framework in Frameworks */,
			);
			runOnlyForDeploymentPostprocessing = 0;
		};
/* End PBXFrameworksBuildPhase section */

/* Begin PBXGroup section */
		3837BA021FFFC2FE00DF300E = {
			isa = PBXGroup;
			children = (
				38FE6BC32006898100809A06 /* Bluetooth */,
				38FE6BB32006898100809A06 /* Framework */,
				38FE6BA62006898100809A06 /* Unit Tests */,
				38FE6BAA2006898100809A06 /* Configurations */,
				3837BA0C1FFFC2FE00DF300E /* Products */,
				3A369632210F1C4D007C62F1 /* Frameworks */,
			);
			sourceTree = "<group>";
		};
		3837BA0C1FFFC2FE00DF300E /* Products */ = {
			isa = PBXGroup;
			children = (
				3837BA0B1FFFC2FE00DF300E /* BlueSwiftSample.app */,
				3837BA311FFFC4CE00DF300E /* BlueSwift.framework */,
				3837BA391FFFC4CE00DF300E /* BlueSwiftTests.xctest */,
			);
			name = Products;
			sourceTree = "<group>";
		};
		3838CEB820ADEC75006E4AC5 /* xcconfigs */ = {
			isa = PBXGroup;
			children = (
				3838CED520ADEC75006E4AC5 /* README.md */,
				3838CEBC20ADEC75006E4AC5 /* LICENSE.md */,
				3838CEBD20ADEC75006E4AC5 /* Documentation */,
				3838CED620ADEC75006E4AC5 /* Common */,
				3838CEB920ADEC75006E4AC5 /* Configurations */,
				3838CEC920ADEC75006E4AC5 /* Platforms */,
				3838CECE20ADEC75006E4AC5 /* Targets */,
			);
			path = xcconfigs;
			sourceTree = "<group>";
		};
		3838CEB920ADEC75006E4AC5 /* Configurations */ = {
			isa = PBXGroup;
			children = (
				3838CEBA20ADEC75006E4AC5 /* Debug.xcconfig */,
				3838CEBB20ADEC75006E4AC5 /* Release.xcconfig */,
			);
			path = Configurations;
			sourceTree = "<group>";
		};
		3838CEBD20ADEC75006E4AC5 /* Documentation */ = {
			isa = PBXGroup;
			children = (
				3838CEBE20ADEC75006E4AC5 /* Best-Practices.md */,
				3838CEC420ADEC75006E4AC5 /* Carthage.md */,
				3838CEC520ADEC75006E4AC5 /* Tutorial.md */,
				3838CEC620ADEC75006E4AC5 /* Code-Signing.md */,
				3838CEC720ADEC75006E4AC5 /* CocoaPods.md */,
				3838CEC820ADEC75006E4AC5 /* Variables.md */,
				3838CEBF20ADEC75006E4AC5 /* Images */,
			);
			path = Documentation;
			sourceTree = "<group>";
		};
		3838CEBF20ADEC75006E4AC5 /* Images */ = {
			isa = PBXGroup;
			children = (
				3838CEC020ADEC75006E4AC5 /* usage-delete-build-settings.gif */,
				3838CEC120ADEC75006E4AC5 /* usage-assign-project-configurations.gif */,
				3838CEC220ADEC75006E4AC5 /* usage-build.gif */,
				3838CEC320ADEC75006E4AC5 /* usage-update-info-plist.gif */,
			);
			path = Images;
			sourceTree = "<group>";
		};
		3838CEC920ADEC75006E4AC5 /* Platforms */ = {
			isa = PBXGroup;
			children = (
				3838CECA20ADEC75006E4AC5 /* macOS.xcconfig */,
				3838CECB20ADEC75006E4AC5 /* tvOS.xcconfig */,
				3838CECC20ADEC75006E4AC5 /* iOS.xcconfig */,
				3838CECD20ADEC75006E4AC5 /* watchOS.xcconfig */,
			);
			path = Platforms;
			sourceTree = "<group>";
		};
		3838CECE20ADEC75006E4AC5 /* Targets */ = {
			isa = PBXGroup;
			children = (
				3838CECF20ADEC75006E4AC5 /* Extension.xcconfig */,
				3838CED020ADEC75006E4AC5 /* Application.xcconfig */,
				3838CED120ADEC75006E4AC5 /* Framework.xcconfig */,
				3838CED220ADEC75006E4AC5 /* Tests.xcconfig */,
			);
			path = Targets;
			sourceTree = "<group>";
		};
		3838CED620ADEC75006E4AC5 /* Common */ = {
			isa = PBXGroup;
			children = (
				3838CED720ADEC75006E4AC5 /* Common.xcconfig */,
				3838CED820ADEC75006E4AC5 /* Carthage.xcconfig */,
				3838CED920ADEC75006E4AC5 /* Variables.xcconfig */,
			);
			path = Common;
			sourceTree = "<group>";
		};
		38974AF5203732B50024CCD5 /* Advertisement */ = {
			isa = PBXGroup;
			children = (
				38974AF6203732DB0024CCD5 /* BluetoothAdvertisement.swift */,
				38974AF920373A660024CCD5 /* AdvertisementService.swift */,
			);
			path = Advertisement;
			sourceTree = "<group>";
		};
		38BE35D9203DD62E0018EA0D /* Peripheral */ = {
			isa = PBXGroup;
			children = (
				38FE6BBE2006898100809A06 /* Peripheral.swift */,
				38BE35DA203DD6450018EA0D /* ConnectablePeripheral.swift */,
				38BE35DD203DD6B10018EA0D /* AdvertisablePeripheral.swift */,
			);
			path = Peripheral;
			sourceTree = "<group>";
		};
		38FE6BA62006898100809A06 /* Unit Tests */ = {
			isa = PBXGroup;
			children = (
				38FE6BA72006898100809A06 /* ExtensionTests.swift */,
				4BEB6E70280075510061C702 /* SequenceExtensionTests.swift */,
				382CD41E2028F4B50065DFF6 /* CommandTests.swift */,
				38FE6BA82006898100809A06 /* ConfigurationTests.swift */,
				38FE6BA92006898100809A06 /* Info.plist */,
			);
			path = "Unit Tests";
			sourceTree = "<group>";
		};
		38FE6BAA2006898100809A06 /* Configurations */ = {
			isa = PBXGroup;
			children = (
				38FE6BAF2006898100809A06 /* Common */,
				38FE6BAB2006898100809A06 /* Framework */,
				3A142D21210F0EB3000A6089 /* Tests */,
				3A142D22210F0EB7000A6089 /* Sample */,
				3838CEB820ADEC75006E4AC5 /* xcconfigs */,
			);
			path = Configurations;
			sourceTree = "<group>";
		};
		38FE6BAB2006898100809A06 /* Framework */ = {
			isa = PBXGroup;
			children = (
				38FE6BAC2006898100809A06 /* Framework-Base.xcconfig */,
			);
			path = Framework;
			sourceTree = "<group>";
		};
		38FE6BAF2006898100809A06 /* Common */ = {
			isa = PBXGroup;
			children = (
				38FE6BB02006898100809A06 /* Common-Base.xcconfig */,
				38FE6BB12006898100809A06 /* Common-Development.xcconfig */,
				38FE6BB22006898100809A06 /* Common-Release.xcconfig */,
			);
			path = Common;
			sourceTree = "<group>";
		};
		38FE6BB32006898100809A06 /* Framework */ = {
			isa = PBXGroup;
			children = (
				38FE6BB62006898100809A06 /* Source Files */,
				38FE6BB42006898100809A06 /* Supporting Files */,
			);
			path = Framework;
			sourceTree = "<group>";
		};
		38FE6BB42006898100809A06 /* Supporting Files */ = {
			isa = PBXGroup;
			children = (
				38FE6BB52006898100809A06 /* Info.plist */,
			);
			path = "Supporting Files";
			sourceTree = "<group>";
		};
		38FE6BB62006898100809A06 /* Source Files */ = {
			isa = PBXGroup;
			children = (
				38974AF5203732B50024CCD5 /* Advertisement */,
				38FE6BB72006898100809A06 /* Connection */,
				38FE6BBA2006898100809A06 /* Extensions */,
				38FE6BBD2006898100809A06 /* Model */,
				38FE6BC22006898100809A06 /* Command */,
			);
			path = "Source Files";
			sourceTree = "<group>";
		};
		38FE6BB72006898100809A06 /* Connection */ = {
			isa = PBXGroup;
			children = (
				38FE6BB92006898100809A06 /* BluetoothConnection.swift */,
				38FE6BB82006898100809A06 /* ConnectionService.swift */,
			);
			path = Connection;
			sourceTree = "<group>";
		};
		38FE6BBA2006898100809A06 /* Extensions */ = {
			isa = PBXGroup;
			children = (
				38FE6BBB2006898100809A06 /* CBUUID.swift */,
				38FE6BBC2006898100809A06 /* String.swift */,
				385B01AC2007C93000E3D478 /* Array.swift */,
				4BEB6E6E2800735D0061C702 /* Sequence.swift */,
				3863BE73200D582600FD4EC9 /* Int.swift */,
				3863BE75200D5B9B00FD4EC9 /* Data.swift */,
				3863BE68200BDDBA00FD4EC9 /* CBCharacteristic.swift */,
				38BE35E0203DD8D40018EA0D /* CBManager.swift */,
			);
			path = Extensions;
			sourceTree = "<group>";
		};
		38FE6BBD2006898100809A06 /* Model */ = {
			isa = PBXGroup;
			children = (
				38BE35D9203DD62E0018EA0D /* Peripheral */,
				38FE6BBF2006898100809A06 /* Service.swift */,
				38FE6BC02006898100809A06 /* Characteristic.swift */,
				38FE6BC12006898100809A06 /* Configuration.swift */,
				382516552049899F0097F9D7 /* AdvertisementData.swift */,
				3825165720498C450097F9D7 /* BluetoothError.swift */,
				4B624669280811CA009A8CC7 /* BluetoothAuthorizationStatus.swift */,
			);
			path = Model;
			sourceTree = "<group>";
		};
		38FE6BC22006898100809A06 /* Command */ = {
			isa = PBXGroup;
			children = (
				3863BE66200BD5E700FD4EC9 /* Command.swift */,
			);
			path = Command;
			sourceTree = "<group>";
		};
		38FE6BC32006898100809A06 /* Bluetooth */ = {
			isa = PBXGroup;
			children = (
				38FE6BCA2006898100809A06 /* AppDelegate.swift */,
				385BDC15204FD961003B2689 /* AdvertisementViewController.swift */,
				385BDC18204FD972003B2689 /* ConnectionViewController.swift */,
				38FE6BC52006898100809A06 /* Supporting Files */,
			);
			path = Bluetooth;
			sourceTree = "<group>";
		};
		38FE6BC52006898100809A06 /* Supporting Files */ = {
			isa = PBXGroup;
			children = (
				38EBB9552052CC2D002797A1 /* Main.storyboard */,
				38FE6BC62006898100809A06 /* Assets.xcassets */,
				38FE6BC72006898100809A06 /* LaunchScreen.storyboard */,
				38FE6BC92006898100809A06 /* Info.plist */,
			);
			path = "Supporting Files";
			sourceTree = "<group>";
		};
		3A142D21210F0EB3000A6089 /* Tests */ = {
			isa = PBXGroup;
			children = (
				3A142D23210F0EE5000A6089 /* Tests-Base.xcconfig */,
			);
			path = Tests;
			sourceTree = "<group>";
		};
		3A142D22210F0EB7000A6089 /* Sample */ = {
			isa = PBXGroup;
			children = (
				3A142D24210F0EEE000A6089 /* Sample-Base.xcconfig */,
			);
			path = Sample;
			sourceTree = "<group>";
		};
		3A369632210F1C4D007C62F1 /* Frameworks */ = {
			isa = PBXGroup;
			children = (
				3A369635210F1C57007C62F1 /* XCTest.framework */,
				3A369633210F1C4E007C62F1 /* CoreBluetooth.framework */,
			);
			name = Frameworks;
			sourceTree = "<group>";
		};
/* End PBXGroup section */

/* Begin PBXHeadersBuildPhase section */
		3837BA2E1FFFC4CE00DF300E /* Headers */ = {
			isa = PBXHeadersBuildPhase;
			buildActionMask = 2147483647;
			files = (
			);
			runOnlyForDeploymentPostprocessing = 0;
		};
/* End PBXHeadersBuildPhase section */

/* Begin PBXNativeTarget section */
		3837BA0A1FFFC2FE00DF300E /* Sample */ = {
			isa = PBXNativeTarget;
			buildConfigurationList = 3837BA1D1FFFC2FE00DF300E /* Build configuration list for PBXNativeTarget "Sample" */;
			buildPhases = (
				3837BA071FFFC2FE00DF300E /* Sources */,
				3837BA081FFFC2FE00DF300E /* Frameworks */,
				3837BA091FFFC2FE00DF300E /* Resources */,
				3837BA762003D26700DF300E /* Embed Frameworks */,
			);
			buildRules = (
			);
			dependencies = (
				3837BA752003D26700DF300E /* PBXTargetDependency */,
			);
			name = Sample;
			productName = Bluetooth;
			productReference = 3837BA0B1FFFC2FE00DF300E /* BlueSwiftSample.app */;
			productType = "com.apple.product-type.application";
		};
		3837BA301FFFC4CE00DF300E /* Bluetooth */ = {
			isa = PBXNativeTarget;
			buildConfigurationList = 3837BA421FFFC4CE00DF300E /* Build configuration list for PBXNativeTarget "Bluetooth" */;
			buildPhases = (
				3837BA2C1FFFC4CE00DF300E /* Sources */,
				3837BA2D1FFFC4CE00DF300E /* Frameworks */,
				3837BA2E1FFFC4CE00DF300E /* Headers */,
				3837BA2F1FFFC4CE00DF300E /* Resources */,
			);
			buildRules = (
			);
			dependencies = (
			);
			name = Bluetooth;
			productName = Framework;
			productReference = 3837BA311FFFC4CE00DF300E /* BlueSwift.framework */;
			productType = "com.apple.product-type.framework";
		};
		3837BA381FFFC4CE00DF300E /* FrameworkTests */ = {
			isa = PBXNativeTarget;
			buildConfigurationList = 3837BA451FFFC4CE00DF300E /* Build configuration list for PBXNativeTarget "FrameworkTests" */;
			buildPhases = (
				3837BA351FFFC4CE00DF300E /* Sources */,
				3837BA361FFFC4CE00DF300E /* Frameworks */,
				3837BA371FFFC4CE00DF300E /* Resources */,
			);
			buildRules = (
			);
			dependencies = (
				3837BA3C1FFFC4CE00DF300E /* PBXTargetDependency */,
				3837BA692003BA4400DF300E /* PBXTargetDependency */,
			);
			name = FrameworkTests;
			productName = FrameworkTests;
			productReference = 3837BA391FFFC4CE00DF300E /* BlueSwiftTests.xctest */;
			productType = "com.apple.product-type.bundle.unit-test";
		};
/* End PBXNativeTarget section */

/* Begin PBXProject section */
		3837BA031FFFC2FE00DF300E /* Project object */ = {
			isa = PBXProject;
			attributes = {
				LastSwiftUpdateCheck = 0920;
				LastUpgradeCheck = 1000;
				ORGANIZATIONNAME = Netguru;
				TargetAttributes = {
					3837BA0A1FFFC2FE00DF300E = {
						CreatedOnToolsVersion = 9.2;
						ProvisioningStyle = Manual;
					};
					3837BA301FFFC4CE00DF300E = {
						CreatedOnToolsVersion = 9.2;
						ProvisioningStyle = Automatic;
					};
					3837BA381FFFC4CE00DF300E = {
						CreatedOnToolsVersion = 9.2;
						ProvisioningStyle = Automatic;
					};
				};
			};
			buildConfigurationList = 3837BA061FFFC2FE00DF300E /* Build configuration list for PBXProject "Bluetooth" */;
			compatibilityVersion = "Xcode 8.0";
			developmentRegion = en;
			hasScannedForEncodings = 0;
			knownRegions = (
				en,
				Base,
			);
			mainGroup = 3837BA021FFFC2FE00DF300E;
			productRefGroup = 3837BA0C1FFFC2FE00DF300E /* Products */;
			projectDirPath = "";
			projectRoot = "";
			targets = (
				3837BA0A1FFFC2FE00DF300E /* Sample */,
				3837BA301FFFC4CE00DF300E /* Bluetooth */,
				3837BA381FFFC4CE00DF300E /* FrameworkTests */,
			);
		};
/* End PBXProject section */

/* Begin PBXResourcesBuildPhase section */
		3837BA091FFFC2FE00DF300E /* Resources */ = {
			isa = PBXResourcesBuildPhase;
			buildActionMask = 2147483647;
			files = (
				38EBB9572052D0EF002797A1 /* Main.storyboard in Resources */,
				38FE6BE42006898F00809A06 /* Assets.xcassets in Resources */,
				38FE6BE52006899300809A06 /* LaunchScreen.storyboard in Resources */,
			);
			runOnlyForDeploymentPostprocessing = 0;
		};
		3837BA2F1FFFC4CE00DF300E /* Resources */ = {
			isa = PBXResourcesBuildPhase;
			buildActionMask = 2147483647;
			files = (
			);
			runOnlyForDeploymentPostprocessing = 0;
		};
		3837BA371FFFC4CE00DF300E /* Resources */ = {
			isa = PBXResourcesBuildPhase;
			buildActionMask = 2147483647;
			files = (
			);
			runOnlyForDeploymentPostprocessing = 0;
		};
/* End PBXResourcesBuildPhase section */

/* Begin PBXSourcesBuildPhase section */
		3837BA071FFFC2FE00DF300E /* Sources */ = {
			isa = PBXSourcesBuildPhase;
			buildActionMask = 2147483647;
			files = (
				385BDC19204FD972003B2689 /* ConnectionViewController.swift in Sources */,
				38FE6BE22006898800809A06 /* AppDelegate.swift in Sources */,
				385BDC17204FD964003B2689 /* AdvertisementViewController.swift in Sources */,
			);
			runOnlyForDeploymentPostprocessing = 0;
		};
		3837BA2C1FFFC4CE00DF300E /* Sources */ = {
			isa = PBXSourcesBuildPhase;
			buildActionMask = 2147483647;
			files = (
				4B62466A280811CA009A8CC7 /* BluetoothAuthorizationStatus.swift in Sources */,
				38BE35DC203DD67D0018EA0D /* ConnectablePeripheral.swift in Sources */,
				3863BE69200BDDBA00FD4EC9 /* CBCharacteristic.swift in Sources */,
				4BEB6E6F2800735D0061C702 /* Sequence.swift in Sources */,
				385B01AD2007C93000E3D478 /* Array.swift in Sources */,
				38FE6BD82006898100809A06 /* String.swift in Sources */,
				382CD41C2028E5950065DFF6 /* Int.swift in Sources */,
				38FE6BDA2006898100809A06 /* Service.swift in Sources */,
				38BE35E1203DD8D40018EA0D /* CBManager.swift in Sources */,
				3825165820498C450097F9D7 /* BluetoothError.swift in Sources */,
				3863BE67200BD5E700FD4EC9 /* Command.swift in Sources */,
				38FE6BD92006898100809A06 /* Peripheral.swift in Sources */,
				38FE6BDB2006898100809A06 /* Characteristic.swift in Sources */,
				38BE35DF203DD6B30018EA0D /* AdvertisablePeripheral.swift in Sources */,
				382CD41D2028F1360065DFF6 /* Data.swift in Sources */,
				38FE6BD52006898100809A06 /* ConnectionService.swift in Sources */,
				38974AFA20373A660024CCD5 /* AdvertisementService.swift in Sources */,
				38974AF8203738F30024CCD5 /* BluetoothAdvertisement.swift in Sources */,
				38FE6BDC2006898100809A06 /* Configuration.swift in Sources */,
				382516562049899F0097F9D7 /* AdvertisementData.swift in Sources */,
				38FE6BD62006898100809A06 /* BluetoothConnection.swift in Sources */,
				38FE6BD72006898100809A06 /* CBUUID.swift in Sources */,
			);
			runOnlyForDeploymentPostprocessing = 0;
		};
		3837BA351FFFC4CE00DF300E /* Sources */ = {
			isa = PBXSourcesBuildPhase;
			buildActionMask = 2147483647;
			files = (
				4BEB6E72280077010061C702 /* SequenceExtensionTests.swift in Sources */,
				382CD41F2028F4B50065DFF6 /* CommandTests.swift in Sources */,
				38FE6BE7200689AB00809A06 /* ConfigurationTests.swift in Sources */,
				38FE6BE6200689A700809A06 /* ExtensionTests.swift in Sources */,
			);
			runOnlyForDeploymentPostprocessing = 0;
		};
/* End PBXSourcesBuildPhase section */

/* Begin PBXTargetDependency section */
		3837BA3C1FFFC4CE00DF300E /* PBXTargetDependency */ = {
			isa = PBXTargetDependency;
			target = 3837BA301FFFC4CE00DF300E /* Bluetooth */;
			targetProxy = 3837BA3B1FFFC4CE00DF300E /* PBXContainerItemProxy */;
		};
		3837BA692003BA4400DF300E /* PBXTargetDependency */ = {
			isa = PBXTargetDependency;
			target = 3837BA0A1FFFC2FE00DF300E /* Sample */;
			targetProxy = 3837BA682003BA4400DF300E /* PBXContainerItemProxy */;
		};
		3837BA752003D26700DF300E /* PBXTargetDependency */ = {
			isa = PBXTargetDependency;
			target = 3837BA301FFFC4CE00DF300E /* Bluetooth */;
			targetProxy = 3837BA742003D26700DF300E /* PBXContainerItemProxy */;
		};
/* End PBXTargetDependency section */

/* Begin PBXVariantGroup section */
		38FE6BC72006898100809A06 /* LaunchScreen.storyboard */ = {
			isa = PBXVariantGroup;
			children = (
				38FE6BC82006898100809A06 /* Base */,
			);
			name = LaunchScreen.storyboard;
			sourceTree = "<group>";
		};
/* End PBXVariantGroup section */

/* Begin XCBuildConfiguration section */
		3837BA1B1FFFC2FE00DF300E /* Debug */ = {
			isa = XCBuildConfiguration;
			baseConfigurationReference = 38FE6BB12006898100809A06 /* Common-Development.xcconfig */;
			buildSettings = {
			};
			name = Debug;
		};
		3837BA1C1FFFC2FE00DF300E /* Release */ = {
			isa = XCBuildConfiguration;
			baseConfigurationReference = 38FE6BB22006898100809A06 /* Common-Release.xcconfig */;
			buildSettings = {
			};
			name = Release;
		};
		3837BA1E1FFFC2FE00DF300E /* Debug */ = {
			isa = XCBuildConfiguration;
			baseConfigurationReference = 3A142D24210F0EEE000A6089 /* Sample-Base.xcconfig */;
			buildSettings = {
			};
			name = Debug;
		};
		3837BA1F1FFFC2FE00DF300E /* Release */ = {
			isa = XCBuildConfiguration;
			baseConfigurationReference = 3A142D24210F0EEE000A6089 /* Sample-Base.xcconfig */;
			buildSettings = {
			};
			name = Release;
		};
		3837BA431FFFC4CE00DF300E /* Debug */ = {
			isa = XCBuildConfiguration;
			baseConfigurationReference = 38FE6BAC2006898100809A06 /* Framework-Base.xcconfig */;
			buildSettings = {
			};
			name = Debug;
		};
		3837BA441FFFC4CE00DF300E /* Release */ = {
			isa = XCBuildConfiguration;
			baseConfigurationReference = 38FE6BAC2006898100809A06 /* Framework-Base.xcconfig */;
			buildSettings = {
			};
			name = Release;
		};
		3837BA461FFFC4CE00DF300E /* Debug */ = {
			isa = XCBuildConfiguration;
			baseConfigurationReference = 3A142D23210F0EE5000A6089 /* Tests-Base.xcconfig */;
			buildSettings = {
			};
			name = Debug;
		};
		3837BA471FFFC4CE00DF300E /* Release */ = {
			isa = XCBuildConfiguration;
			baseConfigurationReference = 3A142D23210F0EE5000A6089 /* Tests-Base.xcconfig */;
			buildSettings = {
			};
			name = Release;
		};
/* End XCBuildConfiguration section */

/* Begin XCConfigurationList section */
		3837BA061FFFC2FE00DF300E /* Build configuration list for PBXProject "Bluetooth" */ = {
			isa = XCConfigurationList;
			buildConfigurations = (
				3837BA1B1FFFC2FE00DF300E /* Debug */,
				3837BA1C1FFFC2FE00DF300E /* Release */,
			);
			defaultConfigurationIsVisible = 0;
			defaultConfigurationName = Debug;
		};
		3837BA1D1FFFC2FE00DF300E /* Build configuration list for PBXNativeTarget "Sample" */ = {
			isa = XCConfigurationList;
			buildConfigurations = (
				3837BA1E1FFFC2FE00DF300E /* Debug */,
				3837BA1F1FFFC2FE00DF300E /* Release */,
			);
			defaultConfigurationIsVisible = 0;
			defaultConfigurationName = Debug;
		};
		3837BA421FFFC4CE00DF300E /* Build configuration list for PBXNativeTarget "Bluetooth" */ = {
			isa = XCConfigurationList;
			buildConfigurations = (
				3837BA431FFFC4CE00DF300E /* Debug */,
				3837BA441FFFC4CE00DF300E /* Release */,
			);
			defaultConfigurationIsVisible = 0;
			defaultConfigurationName = Debug;
		};
		3837BA451FFFC4CE00DF300E /* Build configuration list for PBXNativeTarget "FrameworkTests" */ = {
			isa = XCConfigurationList;
			buildConfigurations = (
				3837BA461FFFC4CE00DF300E /* Debug */,
				3837BA471FFFC4CE00DF300E /* Release */,
			);
			defaultConfigurationIsVisible = 0;
			defaultConfigurationName = Debug;
		};
/* End XCConfigurationList section */
	};
	rootObject = 3837BA031FFFC2FE00DF300E /* Project object */;
}
